
Microsoft Visual Studio Solution File, Format Version 12.00
# Visual Studio Version 16
VisualStudioVersion = 16.0.34301.259
MinimumVisualStudioVersion = 10.0.40219.1
Project("{FAE04EC0-301F-11D3-BF4B-00C04F79EFBC}") = "WPF_DependencyProperty2", "WPF_DependencyProperty2\WPF_DependencyProperty2.csproj", "{F5A25B35-A971-4495-91F9-44F6B831E52C}"
EndProject
Global
	GlobalSection(SolutionConfigurationPlatforms) = preSolution
		Debug|Any CPU = Debug|Any CPU
		Release|Any CPU = Release|Any CPU
	EndGlobalSection
	GlobalSection(ProjectConfigurationPlatforms) = postSolution
		{F5A25B35-A971-4495-91F9-44F6B831E52C}.Debug|Any CPU.ActiveCfg = Debug|Any CPU
		{F5A25B35-A971-4495-91F9-44F6B831E52C}.Debug|Any CPU.Build.0 = Debug|Any CPU
		{F5A25B35-A971-4495-91F9-44F6B831E52C}.Release|Any CPU.ActiveCfg = Release|Any CPU
		{F5A25B35-A971-4495-91F9-44F6B831E52C}.Release|Any CPU.Build.0 = Release|Any CPU
	EndGlobalSection
	GlobalSection(SolutionProperties) = preSolution
		HideSolutionNode = FALSE
	EndGlobalSection
	GlobalSection(ExtensibilityGlobals) = postSolution
		SolutionGuid = {406AAF13-41EB-4447-A1C6-FA927D60ECC3}
	EndGlobalSection
EndGlobal
